
Microsoft Visual Studio Solution File, Format Version 12.00
# Visual Studio Version 16
VisualStudioVersion = 16.0.28922.388
MinimumVisualStudioVersion = 10.0.40219.1
Project("{FAE04EC0-301F-11D3-BF4B-00C04F79EFBC}") = "TatooParlor", "ConsoleApp57\TatooParlor.csproj", "{1354E555-7B28-4E4E-8146-105EE698F4C7}"
EndProject
Project("{FAE04EC0-301F-11D3-BF4B-00C04F79EFBC}") = "TatooParlolForms", "TatooParlolForms\TatooParlolForms.csproj", "{4ECDE357-0E0E-4513-B3E0-27C756F1460D}"
EndProject
Project("{FAE04EC0-301F-11D3-BF4B-00C04F79EFBC}") = "TattooParlor.Web", "TattooParlor.Web\TattooParlor.Web.csproj", "{18B7BEF7-5114-4DD7-8166-CEE1ACE8AAA2}"
EndProject
Global
	GlobalSection(SolutionConfigurationPlatforms) = preSolution
		Debug|Any CPU = Debug|Any CPU
		Release|Any CPU = Release|Any CPU
	EndGlobalSection
	GlobalSection(ProjectConfigurationPlatforms) = postSolution
		{1354E555-7B28-4E4E-8146-105EE698F4C7}.Debug|Any CPU.ActiveCfg = Debug|Any CPU
		{1354E555-7B28-4E4E-8146-105EE698F4C7}.Debug|Any CPU.Build.0 = Debug|Any CPU
		{1354E555-7B28-4E4E-8146-105EE698F4C7}.Release|Any CPU.ActiveCfg = Release|Any CPU
		{1354E555-7B28-4E4E-8146-105EE698F4C7}.Release|Any CPU.Build.0 = Release|Any CPU
		{4ECDE357-0E0E-4513-B3E0-27C756F1460D}.Debug|Any CPU.ActiveCfg = Debug|Any CPU
		{4ECDE357-0E0E-4513-B3E0-27C756F1460D}.Debug|Any CPU.Build.0 = Debug|Any CPU
		{4ECDE357-0E0E-4513-B3E0-27C756F1460D}.Release|Any CPU.ActiveCfg = Release|Any CPU
		{4ECDE357-0E0E-4513-B3E0-27C756F1460D}.Release|Any CPU.Build.0 = Release|Any CPU
		{18B7BEF7-5114-4DD7-8166-CEE1ACE8AAA2}.Debug|Any CPU.ActiveCfg = Debug|Any CPU
		{18B7BEF7-5114-4DD7-8166-CEE1ACE8AAA2}.Debug|Any CPU.Build.0 = Debug|Any CPU
		{18B7BEF7-5114-4DD7-8166-CEE1ACE8AAA2}.Release|Any CPU.ActiveCfg = Release|Any CPU
		{18B7BEF7-5114-4DD7-8166-CEE1ACE8AAA2}.Release|Any CPU.Build.0 = Release|Any CPU
	EndGlobalSection
	GlobalSection(SolutionProperties) = preSolution
		HideSolutionNode = FALSE
	EndGlobalSection
	GlobalSection(ExtensibilityGlobals) = postSolution
		SolutionGuid = {3444A92D-C111-4B1D-B6F7-B78E2B87BC40}
	EndGlobalSection
EndGlobal
